
Microsoft Visual Studio Solution File, Format Version 12.00
# Visual Studio Version 16
VisualStudioVersion = 16.0.31205.134
MinimumVisualStudioVersion = 10.0.40219.1
Project("{FAE04EC0-301F-11D3-BF4B-00C04F79EFBC}") = "009_Classes", "009_Classes.csproj", "{D8B7FBD8-4083-447A-BBCA-466E1BC9FF41}"
EndProject
Global
	GlobalSection(SolutionConfigurationPlatforms) = preSolution
		Debug|Any CPU = Debug|Any CPU
		Release|Any CPU = Release|Any CPU
	EndGlobalSection
	GlobalSection(ProjectConfigurationPlatforms) = postSolution
		{D8B7FBD8-4083-447A-BBCA-466E1BC9FF41}.Debug|Any CPU.ActiveCfg = Debug|Any CPU
		{D8B7FBD8-4083-447A-BBCA-466E1BC9FF41}.Debug|Any CPU.Build.0 = Debug|Any CPU
		{D8B7FBD8-4083-447A-BBCA-466E1BC9FF41}.Release|Any CPU.ActiveCfg = Release|Any CPU
		{D8B7FBD8-4083-447A-BBCA-466E1BC9FF41}.Release|Any CPU.Build.0 = Release|Any CPU
	EndGlobalSection
	GlobalSection(SolutionProperties) = preSolution
		HideSolutionNode = FALSE
	EndGlobalSection
	GlobalSection(ExtensibilityGlobals) = postSolution
		SolutionGuid = {8BEED9C7-7F93-4B6A-9E1E-4FE09F3DAB52}
	EndGlobalSection
EndGlobal
