
Microsoft Visual Studio Solution File, Format Version 12.00
# Visual Studio Version 16
VisualStudioVersion = 16.0.31205.134
MinimumVisualStudioVersion = 10.0.40219.1
Project("{FAE04EC0-301F-11D3-BF4B-00C04F79EFBC}") = "010_Classes", "010_Classes.csproj", "{3ADEE38C-B53C-4F51-B77E-A29482FB4771}"
EndProject
Global
	GlobalSection(SolutionConfigurationPlatforms) = preSolution
		Debug|Any CPU = Debug|Any CPU
		Release|Any CPU = Release|Any CPU
	EndGlobalSection
	GlobalSection(ProjectConfigurationPlatforms) = postSolution
		{3ADEE38C-B53C-4F51-B77E-A29482FB4771}.Debug|Any CPU.ActiveCfg = Debug|Any CPU
		{3ADEE38C-B53C-4F51-B77E-A29482FB4771}.Debug|Any CPU.Build.0 = Debug|Any CPU
		{3ADEE38C-B53C-4F51-B77E-A29482FB4771}.Release|Any CPU.ActiveCfg = Release|Any CPU
		{3ADEE38C-B53C-4F51-B77E-A29482FB4771}.Release|Any CPU.Build.0 = Release|Any CPU
	EndGlobalSection
	GlobalSection(SolutionProperties) = preSolution
		HideSolutionNode = FALSE
	EndGlobalSection
	GlobalSection(ExtensibilityGlobals) = postSolution
		SolutionGuid = {0AE0A674-DE10-45BE-9025-63E27A5D8E42}
	EndGlobalSection
EndGlobal
