
Microsoft Visual Studio Solution File, Format Version 12.00
# Visual Studio Version 16
VisualStudioVersion = 16.0.31112.23
MinimumVisualStudioVersion = 10.0.40219.1
Project("{FAE04EC0-301F-11D3-BF4B-00C04F79EFBC}") = "002_Classes", "002_Classes\002_Classes.csproj", "{3816B73D-4152-4F80-9DFB-20AAD6E158A1}"
EndProject
Global
	GlobalSection(SolutionConfigurationPlatforms) = preSolution
		Debug|Any CPU = Debug|Any CPU
		Release|Any CPU = Release|Any CPU
	EndGlobalSection
	GlobalSection(ProjectConfigurationPlatforms) = postSolution
		{3816B73D-4152-4F80-9DFB-20AAD6E158A1}.Debug|Any CPU.ActiveCfg = Debug|Any CPU
		{3816B73D-4152-4F80-9DFB-20AAD6E158A1}.Debug|Any CPU.Build.0 = Debug|Any CPU
		{3816B73D-4152-4F80-9DFB-20AAD6E158A1}.Release|Any CPU.ActiveCfg = Release|Any CPU
		{3816B73D-4152-4F80-9DFB-20AAD6E158A1}.Release|Any CPU.Build.0 = Release|Any CPU
	EndGlobalSection
	GlobalSection(SolutionProperties) = preSolution
		HideSolutionNode = FALSE
	EndGlobalSection
	GlobalSection(ExtensibilityGlobals) = postSolution
		SolutionGuid = {8C4CF991-06B2-4C51-9084-17DB8D474F24}
	EndGlobalSection
EndGlobal
